
Microsoft Visual Studio Solution File, Format Version 12.00
# Visual Studio Version 17
VisualStudioVersion = 17.8.34004.107
MinimumVisualStudioVersion = 10.0.40219.1
Project("{FAE04EC0-301F-11D3-BF4B-00C04F79EFBC}") = "TyranoCupUwpApp", "TyranoCupUwpApp\TyranoCupUwpApp.csproj", "{8EB42153-AC2E-4745-ABC0-1C7FB9356B75}"
EndProject
Project("{2150E333-8FDC-42A3-9474-1A3956D46DE8}") = "src", "src", "{2D12991C-07A6-443E-A5EC-AF7EEAFC4369}"
EndProject
Project("{2150E333-8FDC-42A3-9474-1A3956D46DE8}") = "test", "test", "{BFF849CE-99A6-4CAF-86D5-994294A7BF6C}"
EndProject
Project("{2150E333-8FDC-42A3-9474-1A3956D46DE8}") = "dev", "dev", "{DF86D28D-C6E0-47F0-AA1E-72CC49333956}"
EndProject
Project("{2150E333-8FDC-42A3-9474-1A3956D46DE8}") = "shared", "shared", "{D6C4741F-CDAB-4C0B-B17F-9FEA1B690D6E}"
EndProject
Project("{FAE04EC0-301F-11D3-BF4B-00C04F79EFBC}") = "TyranoCupUwpApp.Shared", "TyranoCupUwpApp.Shared\TyranoCupUwpApp.Shared.csproj", "{9A8373A5-DD73-4581-A60E-CFD6FCBE5DA2}"
EndProject
Project("{FAE04EC0-301F-11D3-BF4B-00C04F79EFBC}") = "TyranoCupUwpApp.Test", "TyranoCupUwpApp.Test\TyranoCupUwpApp.Test.csproj", "{44961E86-DF8F-4C93-843B-02D4D7EDC2E8}"
EndProject
Global
	GlobalSection(SolutionConfigurationPlatforms) = preSolution
		Debug|Any CPU = Debug|Any CPU
		Debug|ARM = Debug|ARM
		Debug|ARM64 = Debug|ARM64
		Debug|x64 = Debug|x64
		Debug|x86 = Debug|x86
		Release|Any CPU = Release|Any CPU
		Release|ARM = Release|ARM
		Release|ARM64 = Release|ARM64
		Release|x64 = Release|x64
		Release|x86 = Release|x86
	EndGlobalSection
	GlobalSection(ProjectConfigurationPlatforms) = postSolution
		{8EB42153-AC2E-4745-ABC0-1C7FB9356B75}.Debug|Any CPU.ActiveCfg = Debug|x64
		{8EB42153-AC2E-4745-ABC0-1C7FB9356B75}.Debug|Any CPU.Build.0 = Debug|x64
		{8EB42153-AC2E-4745-ABC0-1C7FB9356B75}.Debug|Any CPU.Deploy.0 = Debug|x64
		{8EB42153-AC2E-4745-ABC0-1C7FB9356B75}.Debug|ARM.ActiveCfg = Debug|ARM
		{8EB42153-AC2E-4745-ABC0-1C7FB9356B75}.Debug|ARM.Build.0 = Debug|ARM
		{8EB42153-AC2E-4745-ABC0-1C7FB9356B75}.Debug|ARM.Deploy.0 = Debug|ARM
		{8EB42153-AC2E-4745-ABC0-1C7FB9356B75}.Debug|ARM64.ActiveCfg = Debug|ARM64
		{8EB42153-AC2E-4745-ABC0-1C7FB9356B75}.Debug|ARM64.Build.0 = Debug|ARM64
		{8EB42153-AC2E-4745-ABC0-1C7FB9356B75}.Debug|ARM64.Deploy.0 = Debug|ARM64
		{8EB42153-AC2E-4745-ABC0-1C7FB9356B75}.Debug|x64.ActiveCfg = Debug|x64
		{8EB42153-AC2E-4745-ABC0-1C7FB9356B75}.Debug|x64.Build.0 = Debug|x64
		{8EB42153-AC2E-4745-ABC0-1C7FB9356B75}.Debug|x64.Deploy.0 = Debug|x64
		{8EB42153-AC2E-4745-ABC0-1C7FB9356B75}.Debug|x86.ActiveCfg = Debug|x86
		{8EB42153-AC2E-4745-ABC0-1C7FB9356B75}.Debug|x86.Build.0 = Debug|x86
		{8EB42153-AC2E-4745-ABC0-1C7FB9356B75}.Debug|x86.Deploy.0 = Debug|x86
		{8EB42153-AC2E-4745-ABC0-1C7FB9356B75}.Release|Any CPU.ActiveCfg = Release|x64
		{8EB42153-AC2E-4745-ABC0-1C7FB9356B75}.Release|Any CPU.Build.0 = Release|x64
		{8EB42153-AC2E-4745-ABC0-1C7FB9356B75}.Release|Any CPU.Deploy.0 = Release|x64
		{8EB42153-AC2E-4745-ABC0-1C7FB9356B75}.Release|ARM.ActiveCfg = Release|ARM
		{8EB42153-AC2E-4745-ABC0-1C7FB9356B75}.Release|ARM.Build.0 = Release|ARM
		{8EB42153-AC2E-4745-ABC0-1C7FB9356B75}.Release|ARM.Deploy.0 = Release|ARM
		{8EB42153-AC2E-4745-ABC0-1C7FB9356B75}.Release|ARM64.ActiveCfg = Release|ARM64
		{8EB42153-AC2E-4745-ABC0-1C7FB9356B75}.Release|ARM64.Build.0 = Release|ARM64
		{8EB42153-AC2E-4745-ABC0-1C7FB9356B75}.Release|ARM64.Deploy.0 = Release|ARM64
		{8EB42153-AC2E-4745-ABC0-1C7FB9356B75}.Release|x64.ActiveCfg = Release|x64
		{8EB42153-AC2E-4745-ABC0-1C7FB9356B75}.Release|x64.Build.0 = Release|x64
		{8EB42153-AC2E-4745-ABC0-1C7FB9356B75}.Release|x64.Deploy.0 = Release|x64
		{8EB42153-AC2E-4745-ABC0-1C7FB9356B75}.Release|x86.ActiveCfg = Release|x86
		{8EB42153-AC2E-4745-ABC0-1C7FB9356B75}.Release|x86.Build.0 = Release|x86
		{8EB42153-AC2E-4745-ABC0-1C7FB9356B75}.Release|x86.Deploy.0 = Release|x86
		{9A8373A5-DD73-4581-A60E-CFD6FCBE5DA2}.Debug|Any CPU.ActiveCfg = Debug|Any CPU
		{9A8373A5-DD73-4581-A60E-CFD6FCBE5DA2}.Debug|Any CPU.Build.0 = Debug|Any CPU
		{9A8373A5-DD73-4581-A60E-CFD6FCBE5DA2}.Debug|ARM.ActiveCfg = Debug|ARM
		{9A8373A5-DD73-4581-A60E-CFD6FCBE5DA2}.Debug|ARM.Build.0 = Debug|ARM
		{9A8373A5-DD73-4581-A60E-CFD6FCBE5DA2}.Debug|ARM64.ActiveCfg = Debug|ARM64
		{9A8373A5-DD73-4581-A60E-CFD6FCBE5DA2}.Debug|ARM64.Build.0 = Debug|ARM64
		{9A8373A5-DD73-4581-A60E-CFD6FCBE5DA2}.Debug|x64.ActiveCfg = Debug|x64
		{9A8373A5-DD73-4581-A60E-CFD6FCBE5DA2}.Debug|x64.Build.0 = Debug|x64
		{9A8373A5-DD73-4581-A60E-CFD6FCBE5DA2}.Debug|x86.ActiveCfg = Debug|x86
		{9A8373A5-DD73-4581-A60E-CFD6FCBE5DA2}.Debug|x86.Build.0 = Debug|x86
		{9A8373A5-DD73-4581-A60E-CFD6FCBE5DA2}.Release|Any CPU.ActiveCfg = Release|Any CPU
		{9A8373A5-DD73-4581-A60E-CFD6FCBE5DA2}.Release|Any CPU.Build.0 = Release|Any CPU
		{9A8373A5-DD73-4581-A60E-CFD6FCBE5DA2}.Release|ARM.ActiveCfg = Release|ARM
		{9A8373A5-DD73-4581-A60E-CFD6FCBE5DA2}.Release|ARM.Build.0 = Release|ARM
		{9A8373A5-DD73-4581-A60E-CFD6FCBE5DA2}.Release|ARM64.ActiveCfg = Release|ARM64
		{9A8373A5-DD73-4581-A60E-CFD6FCBE5DA2}.Release|ARM64.Build.0 = Release|ARM64
		{9A8373A5-DD73-4581-A60E-CFD6FCBE5DA2}.Release|x64.ActiveCfg = Release|x64
		{9A8373A5-DD73-4581-A60E-CFD6FCBE5DA2}.Release|x64.Build.0 = Release|x64
		{9A8373A5-DD73-4581-A60E-CFD6FCBE5DA2}.Release|x86.ActiveCfg = Release|x86
		{9A8373A5-DD73-4581-A60E-CFD6FCBE5DA2}.Release|x86.Build.0 = Release|x86
		{44961E86-DF8F-4C93-843B-02D4D7EDC2E8}.Debug|Any CPU.ActiveCfg = Debug|x64
		{44961E86-DF8F-4C93-843B-02D4D7EDC2E8}.Debug|Any CPU.Build.0 = Debug|x64
		{44961E86-DF8F-4C93-843B-02D4D7EDC2E8}.Debug|Any CPU.Deploy.0 = Debug|x64
		{44961E86-DF8F-4C93-843B-02D4D7EDC2E8}.Debug|ARM.ActiveCfg = Debug|ARM
		{44961E86-DF8F-4C93-843B-02D4D7EDC2E8}.Debug|ARM.Build.0 = Debug|ARM
		{44961E86-DF8F-4C93-843B-02D4D7EDC2E8}.Debug|ARM.Deploy.0 = Debug|ARM
		{44961E86-DF8F-4C93-843B-02D4D7EDC2E8}.Debug|ARM64.ActiveCfg = Debug|ARM64
		{44961E86-DF8F-4C93-843B-02D4D7EDC2E8}.Debug|ARM64.Build.0 = Debug|ARM64
		{44961E86-DF8F-4C93-843B-02D4D7EDC2E8}.Debug|ARM64.Deploy.0 = Debug|ARM64
		{44961E86-DF8F-4C93-843B-02D4D7EDC2E8}.Debug|x64.ActiveCfg = Debug|x64
		{44961E86-DF8F-4C93-843B-02D4D7EDC2E8}.Debug|x64.Build.0 = Debug|x64
		{44961E86-DF8F-4C93-843B-02D4D7EDC2E8}.Debug|x64.Deploy.0 = Debug|x64
		{44961E86-DF8F-4C93-843B-02D4D7EDC2E8}.Debug|x86.ActiveCfg = Debug|x86
		{44961E86-DF8F-4C93-843B-02D4D7EDC2E8}.Debug|x86.Build.0 = Debug|x86
		{44961E86-DF8F-4C93-843B-02D4D7EDC2E8}.Debug|x86.Deploy.0 = Debug|x86
		{44961E86-DF8F-4C93-843B-02D4D7EDC2E8}.Release|Any CPU.ActiveCfg = Release|x64
		{44961E86-DF8F-4C93-843B-02D4D7EDC2E8}.Release|Any CPU.Build.0 = Release|x64
		{44961E86-DF8F-4C93-843B-02D4D7EDC2E8}.Release|Any CPU.Deploy.0 = Release|x64
		{44961E86-DF8F-4C93-843B-02D4D7EDC2E8}.Release|ARM.ActiveCfg = Release|ARM
		{44961E86-DF8F-4C93-843B-02D4D7EDC2E8}.Release|ARM.Build.0 = Release|ARM
		{44961E86-DF8F-4C93-843B-02D4D7EDC2E8}.Release|ARM.Deploy.0 = Release|ARM
		{44961E86-DF8F-4C93-843B-02D4D7EDC2E8}.Release|ARM64.ActiveCfg = Release|ARM64
		{44961E86-DF8F-4C93-843B-02D4D7EDC2E8}.Release|ARM64.Build.0 = Release|ARM64
		{44961E86-DF8F-4C93-843B-02D4D7EDC2E8}.Release|ARM64.Deploy.0 = Release|ARM64
		{44961E86-DF8F-4C93-843B-02D4D7EDC2E8}.Release|x64.ActiveCfg = Release|x64
		{44961E86-DF8F-4C93-843B-02D4D7EDC2E8}.Release|x64.Build.0 = Release|x64
		{44961E86-DF8F-4C93-843B-02D4D7EDC2E8}.Release|x64.Deploy.0 = Release|x64
		{44961E86-DF8F-4C93-843B-02D4D7EDC2E8}.Release|x86.ActiveCfg = Release|x86
		{44961E86-DF8F-4C93-843B-02D4D7EDC2E8}.Release|x86.Build.0 = Release|x86
		{44961E86-DF8F-4C93-843B-02D4D7EDC2E8}.Release|x86.Deploy.0 = Release|x86
	EndGlobalSection
	GlobalSection(SolutionProperties) = preSolution
		HideSolutionNode = FALSE
	EndGlobalSection
	GlobalSection(NestedProjects) = preSolution
		{8EB42153-AC2E-4745-ABC0-1C7FB9356B75} = {DF86D28D-C6E0-47F0-AA1E-72CC49333956}
		{DF86D28D-C6E0-47F0-AA1E-72CC49333956} = {2D12991C-07A6-443E-A5EC-AF7EEAFC4369}
		{D6C4741F-CDAB-4C0B-B17F-9FEA1B690D6E} = {DF86D28D-C6E0-47F0-AA1E-72CC49333956}
		{9A8373A5-DD73-4581-A60E-CFD6FCBE5DA2} = {D6C4741F-CDAB-4C0B-B17F-9FEA1B690D6E}
		{44961E86-DF8F-4C93-843B-02D4D7EDC2E8} = {BFF849CE-99A6-4CAF-86D5-994294A7BF6C}
	EndGlobalSection
	GlobalSection(ExtensibilityGlobals) = postSolution
		SolutionGuid = {200BBC07-320E-4121-8200-02DE4D264BA8}
	EndGlobalSection
EndGlobal
